
Microsoft Visual Studio Solution File, Format Version 12.00
# Visual Studio Version 17
VisualStudioVersion = 17.9.34728.123
MinimumVisualStudioVersion = 10.0.40219.1
Project("{FAE04EC0-301F-11D3-BF4B-00C04F79EFBC}") = "DekCalc", "DekCalc\DekCalc.csproj", "{D4502BFC-43DA-4BDB-85E0-8A670B840A29}"
EndProject
Global
	GlobalSection(SolutionConfigurationPlatforms) = preSolution
		Debug|Any CPU = Debug|Any CPU
		Release|Any CPU = Release|Any CPU
	EndGlobalSection
	GlobalSection(ProjectConfigurationPlatforms) = postSolution
		{D4502BFC-43DA-4BDB-85E0-8A670B840A29}.Debug|Any CPU.ActiveCfg = Debug|Any CPU
		{D4502BFC-43DA-4BDB-85E0-8A670B840A29}.Debug|Any CPU.Build.0 = Debug|Any CPU
		{D4502BFC-43DA-4BDB-85E0-8A670B840A29}.Release|Any CPU.ActiveCfg = Release|Any CPU
		{D4502BFC-43DA-4BDB-85E0-8A670B840A29}.Release|Any CPU.Build.0 = Release|Any CPU
	EndGlobalSection
	GlobalSection(SolutionProperties) = preSolution
		HideSolutionNode = FALSE
	EndGlobalSection
	GlobalSection(ExtensibilityGlobals) = postSolution
		SolutionGuid = {8DCE6760-2147-4D8B-AB68-A11EFD5E4A82}
	EndGlobalSection
EndGlobal
